// !$*UTF8*$!
{
	archiveVersion = 1;
	classes = {
	};
	objectVersion = 56;
	objects = {

/* Begin PBXBuildFile section */
		0B728E1F2C5DF8750012625A /* AmanApp.swift in Sources */ = {isa = PBXBuildFile; fileRef = 0B728E1E2C5DF8750012625A /* AmanApp.swift */; };
		0B728E212C5DF8750012625A /* OnboardingView.swift in Sources */ = {isa = PBXBuildFile; fileRef = 0B728E202C5DF8750012625A /* OnboardingView.swift */; };
		0B728E232C5DF8770012625A /* Assets.xcassets in Resources */ = {isa = PBXBuildFile; fileRef = 0B728E222C5DF8770012625A /* Assets.xcassets */; };
		0B728E262C5DF8770012625A /* Preview Assets.xcassets in Resources */ = {isa = PBXBuildFile; fileRef = 0B728E252C5DF8770012625A /* Preview Assets.xcassets */; };
		0B728E302C5DF8780012625A /* AmanTests.swift in Sources */ = {isa = PBXBuildFile; fileRef = 0B728E2F2C5DF8780012625A /* AmanTests.swift */; };
		0B728E3A2C5DF8780012625A /* AmanUITests.swift in Sources */ = {isa = PBXBuildFile; fileRef = 0B728E392C5DF8780012625A /* AmanUITests.swift */; };
		0B728E3C2C5DF8780012625A /* AmanUITestsLaunchTests.swift in Sources */ = {isa = PBXBuildFile; fileRef = 0B728E3B2C5DF8780012625A /* AmanUITestsLaunchTests.swift */; };
		0B728E4E2C5DF90D0012625A /* Colors.swift in Sources */ = {isa = PBXBuildFile; fileRef = 0B728E4D2C5DF90D0012625A /* Colors.swift */; };
		0B728E652C5E088D0012625A /* FontStyles.swift in Sources */ = {isa = PBXBuildFile; fileRef = 0B728E642C5E088D0012625A /* FontStyles.swift */; };
		0B728E782C5E12B50012625A /* SFPRODISPLAYULTRALIGHTITALIC.OTF in Resources */ = {isa = PBXBuildFile; fileRef = 0B728E6F2C5E12B50012625A /* SFPRODISPLAYULTRALIGHTITALIC.OTF */; };
		0B728E792C5E12B50012625A /* SFPRODISPLAYMEDIUM.OTF in Resources */ = {isa = PBXBuildFile; fileRef = 0B728E702C5E12B50012625A /* SFPRODISPLAYMEDIUM.OTF */; };
		0B728E7A2C5E12B50012625A /* SFPRODISPLAYBOLD.OTF in Resources */ = {isa = PBXBuildFile; fileRef = 0B728E712C5E12B50012625A /* SFPRODISPLAYBOLD.OTF */; };
		0B728E7B2C5E12B50012625A /* SFPRODISPLAYBLACKITALIC.OTF in Resources */ = {isa = PBXBuildFile; fileRef = 0B728E722C5E12B50012625A /* SFPRODISPLAYBLACKITALIC.OTF */; };
		0B728E7C2C5E12B50012625A /* SFPRODISPLAYSEMIBOLDITALIC.OTF in Resources */ = {isa = PBXBuildFile; fileRef = 0B728E732C5E12B50012625A /* SFPRODISPLAYSEMIBOLDITALIC.OTF */; };
		0B728E7D2C5E12B50012625A /* SFPRODISPLAYREGULAR.OTF in Resources */ = {isa = PBXBuildFile; fileRef = 0B728E742C5E12B50012625A /* SFPRODISPLAYREGULAR.OTF */; };
		0B728E7E2C5E12B50012625A /* SFPRODISPLAYTHINITALIC.OTF in Resources */ = {isa = PBXBuildFile; fileRef = 0B728E752C5E12B50012625A /* SFPRODISPLAYTHINITALIC.OTF */; };
		0B728E7F2C5E12B50012625A /* SFPRODISPLAYLIGHTITALIC.OTF in Resources */ = {isa = PBXBuildFile; fileRef = 0B728E762C5E12B50012625A /* SFPRODISPLAYLIGHTITALIC.OTF */; };
		0B728E802C5E12B50012625A /* SFPRODISPLAYHEAVYITALIC.OTF in Resources */ = {isa = PBXBuildFile; fileRef = 0B728E772C5E12B50012625A /* SFPRODISPLAYHEAVYITALIC.OTF */; };
/* End PBXBuildFile section */

/* Begin PBXContainerItemProxy section */
		0B728E2C2C5DF8780012625A /* PBXContainerItemProxy */ = {
			isa = PBXContainerItemProxy;
			containerPortal = 0B728E132C5DF8750012625A /* Project object */;
			proxyType = 1;
			remoteGlobalIDString = 0B728E1A2C5DF8750012625A;
			remoteInfo = Aman;
		};
		0B728E362C5DF8780012625A /* PBXContainerItemProxy */ = {
			isa = PBXContainerItemProxy;
			containerPortal = 0B728E132C5DF8750012625A /* Project object */;
			proxyType = 1;
			remoteGlobalIDString = 0B728E1A2C5DF8750012625A;
			remoteInfo = Aman;
		};
/* End PBXContainerItemProxy section */

/* Begin PBXFileReference section */
		0B728E1B2C5DF8750012625A /* Aman.app */ = {isa = PBXFileReference; explicitFileType = wrapper.application; includeInIndex = 0; path = Aman.app; sourceTree = BUILT_PRODUCTS_DIR; };
		0B728E1E2C5DF8750012625A /* AmanApp.swift */ = {isa = PBXFileReference; lastKnownFileType = sourcecode.swift; path = AmanApp.swift; sourceTree = "<group>"; };
		0B728E202C5DF8750012625A /* OnboardingView.swift */ = {isa = PBXFileReference; lastKnownFileType = sourcecode.swift; path = OnboardingView.swift; sourceTree = "<group>"; };
		0B728E222C5DF8770012625A /* Assets.xcassets */ = {isa = PBXFileReference; lastKnownFileType = folder.assetcatalog; path = Assets.xcassets; sourceTree = "<group>"; };
		0B728E252C5DF8770012625A /* Preview Assets.xcassets */ = {isa = PBXFileReference; lastKnownFileType = folder.assetcatalog; path = "Preview Assets.xcassets"; sourceTree = "<group>"; };
		0B728E2B2C5DF8780012625A /* AmanTests.xctest */ = {isa = PBXFileReference; explicitFileType = wrapper.cfbundle; includeInIndex = 0; path = AmanTests.xctest; sourceTree = BUILT_PRODUCTS_DIR; };
		0B728E2F2C5DF8780012625A /* AmanTests.swift */ = {isa = PBXFileReference; lastKnownFileType = sourcecode.swift; path = AmanTests.swift; sourceTree = "<group>"; };
		0B728E352C5DF8780012625A /* AmanUITests.xctest */ = {isa = PBXFileReference; explicitFileType = wrapper.cfbundle; includeInIndex = 0; path = AmanUITests.xctest; sourceTree = BUILT_PRODUCTS_DIR; };
		0B728E392C5DF8780012625A /* AmanUITests.swift */ = {isa = PBXFileReference; lastKnownFileType = sourcecode.swift; path = AmanUITests.swift; sourceTree = "<group>"; };
		0B728E3B2C5DF8780012625A /* AmanUITestsLaunchTests.swift */ = {isa = PBXFileReference; lastKnownFileType = sourcecode.swift; path = AmanUITestsLaunchTests.swift; sourceTree = "<group>"; };
		0B728E4D2C5DF90D0012625A /* Colors.swift */ = {isa = PBXFileReference; lastKnownFileType = sourcecode.swift; path = Colors.swift; sourceTree = "<group>"; };
		0B728E632C5E07920012625A /* Info.plist */ = {isa = PBXFileReference; lastKnownFileType = text.plist; path = Info.plist; sourceTree = "<group>"; };
		0B728E642C5E088D0012625A /* FontStyles.swift */ = {isa = PBXFileReference; lastKnownFileType = sourcecode.swift; path = FontStyles.swift; sourceTree = "<group>"; };
		0B728E6F2C5E12B50012625A /* SFPRODISPLAYULTRALIGHTITALIC.OTF */ = {isa = PBXFileReference; lastKnownFileType = file; path = SFPRODISPLAYULTRALIGHTITALIC.OTF; sourceTree = "<group>"; };
		0B728E702C5E12B50012625A /* SFPRODISPLAYMEDIUM.OTF */ = {isa = PBXFileReference; lastKnownFileType = file; path = SFPRODISPLAYMEDIUM.OTF; sourceTree = "<group>"; };
		0B728E712C5E12B50012625A /* SFPRODISPLAYBOLD.OTF */ = {isa = PBXFileReference; lastKnownFileType = file; path = SFPRODISPLAYBOLD.OTF; sourceTree = "<group>"; };
		0B728E722C5E12B50012625A /* SFPRODISPLAYBLACKITALIC.OTF */ = {isa = PBXFileReference; lastKnownFileType = file; path = SFPRODISPLAYBLACKITALIC.OTF; sourceTree = "<group>"; };
		0B728E732C5E12B50012625A /* SFPRODISPLAYSEMIBOLDITALIC.OTF */ = {isa = PBXFileReference; lastKnownFileType = file; path = SFPRODISPLAYSEMIBOLDITALIC.OTF; sourceTree = "<group>"; };
		0B728E742C5E12B50012625A /* SFPRODISPLAYREGULAR.OTF */ = {isa = PBXFileReference; lastKnownFileType = file; path = SFPRODISPLAYREGULAR.OTF; sourceTree = "<group>"; };
		0B728E752C5E12B50012625A /* SFPRODISPLAYTHINITALIC.OTF */ = {isa = PBXFileReference; lastKnownFileType = file; path = SFPRODISPLAYTHINITALIC.OTF; sourceTree = "<group>"; };
		0B728E762C5E12B50012625A /* SFPRODISPLAYLIGHTITALIC.OTF */ = {isa = PBXFileReference; lastKnownFileType = file; path = SFPRODISPLAYLIGHTITALIC.OTF; sourceTree = "<group>"; };
		0B728E772C5E12B50012625A /* SFPRODISPLAYHEAVYITALIC.OTF */ = {isa = PBXFileReference; lastKnownFileType = file; path = SFPRODISPLAYHEAVYITALIC.OTF; sourceTree = "<group>"; };
/* End PBXFileReference section */

/* Begin PBXFrameworksBuildPhase section */
		0B728E182C5DF8750012625A /* Frameworks */ = {
			isa = PBXFrameworksBuildPhase;
			buildActionMask = 2147483647;
			files = (
			);
			runOnlyForDeploymentPostprocessing = 0;
		};
		0B728E282C5DF8780012625A /* Frameworks */ = {
			isa = PBXFrameworksBuildPhase;
			buildActionMask = 2147483647;
			files = (
			);
			runOnlyForDeploymentPostprocessing = 0;
		};
		0B728E322C5DF8780012625A /* Frameworks */ = {
			isa = PBXFrameworksBuildPhase;
			buildActionMask = 2147483647;
			files = (
			);
			runOnlyForDeploymentPostprocessing = 0;
		};
/* End PBXFrameworksBuildPhase section */

/* Begin PBXGroup section */
		0B728E122C5DF8750012625A = {
			isa = PBXGroup;
			children = (
				0B728E1D2C5DF8750012625A /* Aman */,
				0B728E2E2C5DF8780012625A /* AmanTests */,
				0B728E382C5DF8780012625A /* AmanUITests */,
				0B728E1C2C5DF8750012625A /* Products */,
			);
			sourceTree = "<group>";
		};
		0B728E1C2C5DF8750012625A /* Products */ = {
			isa = PBXGroup;
			children = (
				0B728E1B2C5DF8750012625A /* Aman.app */,
				0B728E2B2C5DF8780012625A /* AmanTests.xctest */,
				0B728E352C5DF8780012625A /* AmanUITests.xctest */,
			);
			name = Products;
			sourceTree = "<group>";
		};
		0B728E1D2C5DF8750012625A /* Aman */ = {
			isa = PBXGroup;
			children = (
				0B728E632C5E07920012625A /* Info.plist */,
				0B728E4C2C5DF8E10012625A /* Components */,
				0B728E482C5DF8850012625A /* Model */,
				0B728E4A2C5DF89C0012625A /* View */,
				0B728E4B2C5DF8A10012625A /* ViewModel */,
				0B728E1E2C5DF8750012625A /* AmanApp.swift */,
				0B728E222C5DF8770012625A /* Assets.xcassets */,
				0B728E622C5E07360012625A /* Fonts */,
				0B728E242C5DF8770012625A /* Preview Content */,
			);
			path = Aman;
			sourceTree = "<group>";
		};
		0B728E242C5DF8770012625A /* Preview Content */ = {
			isa = PBXGroup;
			children = (
				0B728E252C5DF8770012625A /* Preview Assets.xcassets */,
			);
			path = "Preview Content";
			sourceTree = "<group>";
		};
		0B728E2E2C5DF8780012625A /* AmanTests */ = {
			isa = PBXGroup;
			children = (
				0B728E2F2C5DF8780012625A /* AmanTests.swift */,
			);
			path = AmanTests;
			sourceTree = "<group>";
		};
		0B728E382C5DF8780012625A /* AmanUITests */ = {
			isa = PBXGroup;
			children = (
				0B728E392C5DF8780012625A /* AmanUITests.swift */,
				0B728E3B2C5DF8780012625A /* AmanUITestsLaunchTests.swift */,
			);
			path = AmanUITests;
			sourceTree = "<group>";
		};
		0B728E482C5DF8850012625A /* Model */ = {
			isa = PBXGroup;
			children = (
			);
			path = Model;
			sourceTree = "<group>";
		};
		0B728E4A2C5DF89C0012625A /* View */ = {
			isa = PBXGroup;
			children = (
				0B728E202C5DF8750012625A /* OnboardingView.swift */,
			);
			path = View;
			sourceTree = "<group>";
		};
		0B728E4B2C5DF8A10012625A /* ViewModel */ = {
			isa = PBXGroup;
			children = (
			);
			path = ViewModel;
			sourceTree = "<group>";
		};
		0B728E4C2C5DF8E10012625A /* Components */ = {
			isa = PBXGroup;
			children = (
				0B728E4D2C5DF90D0012625A /* Colors.swift */,
				0B728E642C5E088D0012625A /* FontStyles.swift */,
			);
			path = Components;
			sourceTree = "<group>";
		};
		0B728E622C5E07360012625A /* Fonts */ = {
			isa = PBXGroup;
			children = (
				0B728E722C5E12B50012625A /* SFPRODISPLAYBLACKITALIC.OTF */,
				0B728E712C5E12B50012625A /* SFPRODISPLAYBOLD.OTF */,
				0B728E772C5E12B50012625A /* SFPRODISPLAYHEAVYITALIC.OTF */,
				0B728E762C5E12B50012625A /* SFPRODISPLAYLIGHTITALIC.OTF */,
				0B728E702C5E12B50012625A /* SFPRODISPLAYMEDIUM.OTF */,
				0B728E742C5E12B50012625A /* SFPRODISPLAYREGULAR.OTF */,
				0B728E732C5E12B50012625A /* SFPRODISPLAYSEMIBOLDITALIC.OTF */,
				0B728E752C5E12B50012625A /* SFPRODISPLAYTHINITALIC.OTF */,
				0B728E6F2C5E12B50012625A /* SFPRODISPLAYULTRALIGHTITALIC.OTF */,
			);
			path = Fonts;
			sourceTree = "<group>";
		};
/* End PBXGroup section */

/* Begin PBXNativeTarget section */
		0B728E1A2C5DF8750012625A /* Aman */ = {
			isa = PBXNativeTarget;
			buildConfigurationList = 0B728E3F2C5DF8780012625A /* Build configuration list for PBXNativeTarget "Aman" */;
			buildPhases = (
				0B728E172C5DF8750012625A /* Sources */,
				0B728E182C5DF8750012625A /* Frameworks */,
				0B728E192C5DF8750012625A /* Resources */,
			);
			buildRules = (
			);
			dependencies = (
			);
			name = Aman;
			productName = Aman;
			productReference = 0B728E1B2C5DF8750012625A /* Aman.app */;
			productType = "com.apple.product-type.application";
		};
		0B728E2A2C5DF8780012625A /* AmanTests */ = {
			isa = PBXNativeTarget;
			buildConfigurationList = 0B728E422C5DF8780012625A /* Build configuration list for PBXNativeTarget "AmanTests" */;
			buildPhases = (
				0B728E272C5DF8780012625A /* Sources */,
				0B728E282C5DF8780012625A /* Frameworks */,
				0B728E292C5DF8780012625A /* Resources */,
			);
			buildRules = (
			);
			dependencies = (
				0B728E2D2C5DF8780012625A /* PBXTargetDependency */,
			);
			name = AmanTests;
			productName = AmanTests;
			productReference = 0B728E2B2C5DF8780012625A /* AmanTests.xctest */;
			productType = "com.apple.product-type.bundle.unit-test";
		};
		0B728E342C5DF8780012625A /* AmanUITests */ = {
			isa = PBXNativeTarget;
			buildConfigurationList = 0B728E452C5DF8780012625A /* Build configuration list for PBXNativeTarget "AmanUITests" */;
			buildPhases = (
				0B728E312C5DF8780012625A /* Sources */,
				0B728E322C5DF8780012625A /* Frameworks */,
				0B728E332C5DF8780012625A /* Resources */,
			);
			buildRules = (
			);
			dependencies = (
				0B728E372C5DF8780012625A /* PBXTargetDependency */,
			);
			name = AmanUITests;
			productName = AmanUITests;
			productReference = 0B728E352C5DF8780012625A /* AmanUITests.xctest */;
			productType = "com.apple.product-type.bundle.ui-testing";
		};
/* End PBXNativeTarget section */

/* Begin PBXProject section */
		0B728E132C5DF8750012625A /* Project object */ = {
			isa = PBXProject;
			attributes = {
				BuildIndependentTargetsInParallel = 1;
				LastSwiftUpdateCheck = 1540;
				LastUpgradeCheck = 1540;
				TargetAttributes = {
					0B728E1A2C5DF8750012625A = {
						CreatedOnToolsVersion = 15.4;
					};
					0B728E2A2C5DF8780012625A = {
						CreatedOnToolsVersion = 15.4;
						TestTargetID = 0B728E1A2C5DF8750012625A;
					};
					0B728E342C5DF8780012625A = {
						CreatedOnToolsVersion = 15.4;
						TestTargetID = 0B728E1A2C5DF8750012625A;
					};
				};
			};
			buildConfigurationList = 0B728E162C5DF8750012625A /* Build configuration list for PBXProject "Aman" */;
			compatibilityVersion = "Xcode 14.0";
			developmentRegion = en;
			hasScannedForEncodings = 0;
			knownRegions = (
				en,
				Base,
			);
			mainGroup = 0B728E122C5DF8750012625A;
			productRefGroup = 0B728E1C2C5DF8750012625A /* Products */;
			projectDirPath = "";
			projectRoot = "";
			targets = (
				0B728E1A2C5DF8750012625A /* Aman */,
				0B728E2A2C5DF8780012625A /* AmanTests */,
				0B728E342C5DF8780012625A /* AmanUITests */,
			);
		};
/* End PBXProject section */

/* Begin PBXResourcesBuildPhase section */
		0B728E192C5DF8750012625A /* Resources */ = {
			isa = PBXResourcesBuildPhase;
			buildActionMask = 2147483647;
			files = (
				0B728E7D2C5E12B50012625A /* SFPRODISPLAYREGULAR.OTF in Resources */,
				0B728E802C5E12B50012625A /* SFPRODISPLAYHEAVYITALIC.OTF in Resources */,
				0B728E7C2C5E12B50012625A /* SFPRODISPLAYSEMIBOLDITALIC.OTF in Resources */,
				0B728E7F2C5E12B50012625A /* SFPRODISPLAYLIGHTITALIC.OTF in Resources */,
				0B728E262C5DF8770012625A /* Preview Assets.xcassets in Resources */,
				0B728E7B2C5E12B50012625A /* SFPRODISPLAYBLACKITALIC.OTF in Resources */,
				0B728E232C5DF8770012625A /* Assets.xcassets in Resources */,
				0B728E792C5E12B50012625A /* SFPRODISPLAYMEDIUM.OTF in Resources */,
				0B728E7E2C5E12B50012625A /* SFPRODISPLAYTHINITALIC.OTF in Resources */,
				0B728E7A2C5E12B50012625A /* SFPRODISPLAYBOLD.OTF in Resources */,
				0B728E782C5E12B50012625A /* SFPRODISPLAYULTRALIGHTITALIC.OTF in Resources */,
			);
			runOnlyForDeploymentPostprocessing = 0;
		};
		0B728E292C5DF8780012625A /* Resources */ = {
			isa = PBXResourcesBuildPhase;
			buildActionMask = 2147483647;
			files = (
			);
			runOnlyForDeploymentPostprocessing = 0;
		};
		0B728E332C5DF8780012625A /* Resources */ = {
			isa = PBXResourcesBuildPhase;
			buildActionMask = 2147483647;
			files = (
			);
			runOnlyForDeploymentPostprocessing = 0;
		};
/* End PBXResourcesBuildPhase section */

/* Begin PBXSourcesBuildPhase section */
		0B728E172C5DF8750012625A /* Sources */ = {
			isa = PBXSourcesBuildPhase;
			buildActionMask = 2147483647;
			files = (
				0B728E212C5DF8750012625A /* OnboardingView.swift in Sources */,
				0B728E4E2C5DF90D0012625A /* Colors.swift in Sources */,
				0B728E652C5E088D0012625A /* FontStyles.swift in Sources */,
				0B728E1F2C5DF8750012625A /* AmanApp.swift in Sources */,
			);
			runOnlyForDeploymentPostprocessing = 0;
		};
		0B728E272C5DF8780012625A /* Sources */ = {
			isa = PBXSourcesBuildPhase;
			buildActionMask = 2147483647;
			files = (
				0B728E302C5DF8780012625A /* AmanTests.swift in Sources */,
			);
			runOnlyForDeploymentPostprocessing = 0;
		};
		0B728E312C5DF8780012625A /* Sources */ = {
			isa = PBXSourcesBuildPhase;
			buildActionMask = 2147483647;
			files = (
				0B728E3A2C5DF8780012625A /* AmanUITests.swift in Sources */,
				0B728E3C2C5DF8780012625A /* AmanUITestsLaunchTests.swift in Sources */,
			);
			runOnlyForDeploymentPostprocessing = 0;
		};
/* End PBXSourcesBuildPhase section */

/* Begin PBXTargetDependency section */
		0B728E2D2C5DF8780012625A /* PBXTargetDependency */ = {
			isa = PBXTargetDependency;
			target = 0B728E1A2C5DF8750012625A /* Aman */;
			targetProxy = 0B728E2C2C5DF8780012625A /* PBXContainerItemProxy */;
		};
		0B728E372C5DF8780012625A /* PBXTargetDependency */ = {
			isa = PBXTargetDependency;
			target = 0B728E1A2C5DF8750012625A /* Aman */;
			targetProxy = 0B728E362C5DF8780012625A /* PBXContainerItemProxy */;
		};
/* End PBXTargetDependency section */

/* Begin XCBuildConfiguration section */
		0B728E3D2C5DF8780012625A /* Debug */ = {
			isa = XCBuildConfiguration;
			buildSettings = {
				ALWAYS_SEARCH_USER_PATHS = NO;
				ASSETCATALOG_COMPILER_GENERATE_SWIFT_ASSET_SYMBOL_EXTENSIONS = YES;
				CLANG_ANALYZER_NONNULL = YES;
				CLANG_ANALYZER_NUMBER_OBJECT_CONVERSION = YES_AGGRESSIVE;
				CLANG_CXX_LANGUAGE_STANDARD = "gnu++20";
				CLANG_ENABLE_MODULES = YES;
				CLANG_ENABLE_OBJC_ARC = YES;
				CLANG_ENABLE_OBJC_WEAK = YES;
				CLANG_WARN_BLOCK_CAPTURE_AUTORELEASING = YES;
				CLANG_WARN_BOOL_CONVERSION = YES;
				CLANG_WARN_COMMA = YES;
				CLANG_WARN_CONSTANT_CONVERSION = YES;
				CLANG_WARN_DEPRECATED_OBJC_IMPLEMENTATIONS = YES;
				CLANG_WARN_DIRECT_OBJC_ISA_USAGE = YES_ERROR;
				CLANG_WARN_DOCUMENTATION_COMMENTS = YES;
				CLANG_WARN_EMPTY_BODY = YES;
				CLANG_WARN_ENUM_CONVERSION = YES;
				CLANG_WARN_INFINITE_RECURSION = YES;
				CLANG_WARN_INT_CONVERSION = YES;
				CLANG_WARN_NON_LITERAL_NULL_CONVERSION = YES;
				CLANG_WARN_OBJC_IMPLICIT_RETAIN_SELF = YES;
				CLANG_WARN_OBJC_LITERAL_CONVERSION = YES;
				CLANG_WARN_OBJC_ROOT_CLASS = YES_ERROR;
				CLANG_WARN_QUOTED_INCLUDE_IN_FRAMEWORK_HEADER = YES;
				CLANG_WARN_RANGE_LOOP_ANALYSIS = YES;
				CLANG_WARN_STRICT_PROTOTYPES = YES;
				CLANG_WARN_SUSPICIOUS_MOVE = YES;
				CLANG_WARN_UNGUARDED_AVAILABILITY = YES_AGGRESSIVE;
				CLANG_WARN_UNREACHABLE_CODE = YES;
				CLANG_WARN__DUPLICATE_METHOD_MATCH = YES;
				COPY_PHASE_STRIP = NO;
				DEBUG_INFORMATION_FORMAT = dwarf;
				ENABLE_STRICT_OBJC_MSGSEND = YES;
				ENABLE_TESTABILITY = YES;
				ENABLE_USER_SCRIPT_SANDBOXING = YES;
				GCC_C_LANGUAGE_STANDARD = gnu17;
				GCC_DYNAMIC_NO_PIC = NO;
				GCC_NO_COMMON_BLOCKS = YES;
				GCC_OPTIMIZATION_LEVEL = 0;
				GCC_PREPROCESSOR_DEFINITIONS = (
					"DEBUG=1",
					"$(inherited)",
				);
				GCC_WARN_64_TO_32_BIT_CONVERSION = YES;
				GCC_WARN_ABOUT_RETURN_TYPE = YES_ERROR;
				GCC_WARN_UNDECLARED_SELECTOR = YES;
				GCC_WARN_UNINITIALIZED_AUTOS = YES_AGGRESSIVE;
				GCC_WARN_UNUSED_FUNCTION = YES;
				GCC_WARN_UNUSED_VARIABLE = YES;
				IPHONEOS_DEPLOYMENT_TARGET = 17.5;
				LOCALIZATION_PREFERS_STRING_CATALOGS = YES;
				MTL_ENABLE_DEBUG_INFO = INCLUDE_SOURCE;
				MTL_FAST_MATH = YES;
				ONLY_ACTIVE_ARCH = YES;
				SDKROOT = iphoneos;
				SWIFT_ACTIVE_COMPILATION_CONDITIONS = "DEBUG $(inherited)";
				SWIFT_OPTIMIZATION_LEVEL = "-Onone";
			};
			name = Debug;
		};
		0B728E3E2C5DF8780012625A /* Release */ = {
			isa = XCBuildConfiguration;
			buildSettings = {
				ALWAYS_SEARCH_USER_PATHS = NO;
				ASSETCATALOG_COMPILER_GENERATE_SWIFT_ASSET_SYMBOL_EXTENSIONS = YES;
				CLANG_ANALYZER_NONNULL = YES;
				CLANG_ANALYZER_NUMBER_OBJECT_CONVERSION = YES_AGGRESSIVE;
				CLANG_CXX_LANGUAGE_STANDARD = "gnu++20";
				CLANG_ENABLE_MODULES = YES;
				CLANG_ENABLE_OBJC_ARC = YES;
				CLANG_ENABLE_OBJC_WEAK = YES;
				CLANG_WARN_BLOCK_CAPTURE_AUTORELEASING = YES;
				CLANG_WARN_BOOL_CONVERSION = YES;
				CLANG_WARN_COMMA = YES;
				CLANG_WARN_CONSTANT_CONVERSION = YES;
				CLANG_WARN_DEPRECATED_OBJC_IMPLEMENTATIONS = YES;
				CLANG_WARN_DIRECT_OBJC_ISA_USAGE = YES_ERROR;
				CLANG_WARN_DOCUMENTATION_COMMENTS = YES;
				CLANG_WARN_EMPTY_BODY = YES;
				CLANG_WARN_ENUM_CONVERSION = YES;
				CLANG_WARN_INFINITE_RECURSION = YES;
				CLANG_WARN_INT_CONVERSION = YES;
				CLANG_WARN_NON_LITERAL_NULL_CONVERSION = YES;
				CLANG_WARN_OBJC_IMPLICIT_RETAIN_SELF = YES;
				CLANG_WARN_OBJC_LITERAL_CONVERSION = YES;
				CLANG_WARN_OBJC_ROOT_CLASS = YES_ERROR;
				CLANG_WARN_QUOTED_INCLUDE_IN_FRAMEWORK_HEADER = YES;
				CLANG_WARN_RANGE_LOOP_ANALYSIS = YES;
				CLANG_WARN_STRICT_PROTOTYPES = YES;
				CLANG_WARN_SUSPICIOUS_MOVE = YES;
				CLANG_WARN_UNGUARDED_AVAILABILITY = YES_AGGRESSIVE;
				CLANG_WARN_UNREACHABLE_CODE = YES;
				CLANG_WARN__DUPLICATE_METHOD_MATCH = YES;
				COPY_PHASE_STRIP = NO;
				DEBUG_INFORMATION_FORMAT = "dwarf-with-dsym";
				ENABLE_NS_ASSERTIONS = NO;
				ENABLE_STRICT_OBJC_MSGSEND = YES;
				ENABLE_USER_SCRIPT_SANDBOXING = YES;
				GCC_C_LANGUAGE_STANDARD = gnu17;
				GCC_NO_COMMON_BLOCKS = YES;
				GCC_WARN_64_TO_32_BIT_CONVERSION = YES;
				GCC_WARN_ABOUT_RETURN_TYPE = YES_ERROR;
				GCC_WARN_UNDECLARED_SELECTOR = YES;
				GCC_WARN_UNINITIALIZED_AUTOS = YES_AGGRESSIVE;
				GCC_WARN_UNUSED_FUNCTION = YES;
				GCC_WARN_UNUSED_VARIABLE = YES;
				IPHONEOS_DEPLOYMENT_TARGET = 17.5;
				LOCALIZATION_PREFERS_STRING_CATALOGS = YES;
				MTL_ENABLE_DEBUG_INFO = NO;
				MTL_FAST_MATH = YES;
				SDKROOT = iphoneos;
				SWIFT_COMPILATION_MODE = wholemodule;
				VALIDATE_PRODUCT = YES;
			};
			name = Release;
		};
		0B728E402C5DF8780012625A /* Debug */ = {
			isa = XCBuildConfiguration;
			buildSettings = {
				ASSETCATALOG_COMPILER_APPICON_NAME = AppIcon;
				ASSETCATALOG_COMPILER_GLOBAL_ACCENT_COLOR_NAME = AccentColor;
				CODE_SIGN_STYLE = Automatic;
				CURRENT_PROJECT_VERSION = 1;
				DEVELOPMENT_ASSET_PATHS = "\"Aman/Preview Content\"";
				DEVELOPMENT_TEAM = 842ALSJDA7;
				ENABLE_PREVIEWS = YES;
				GENERATE_INFOPLIST_FILE = YES;
				INFOPLIST_FILE = Aman/Info.plist;
				INFOPLIST_KEY_UIApplicationSceneManifest_Generation = YES;
				INFOPLIST_KEY_UIApplicationSupportsIndirectInputEvents = YES;
				INFOPLIST_KEY_UILaunchScreen_Generation = YES;
				INFOPLIST_KEY_UISupportedInterfaceOrientations_iPad = "UIInterfaceOrientationPortrait UIInterfaceOrientationPortraitUpsideDown UIInterfaceOrientationLandscapeLeft UIInterfaceOrientationLandscapeRight";
				INFOPLIST_KEY_UISupportedInterfaceOrientations_iPhone = "UIInterfaceOrientationPortrait UIInterfaceOrientationLandscapeLeft UIInterfaceOrientationLandscapeRight";
				LD_RUNPATH_SEARCH_PATHS = (
					"$(inherited)",
					"@executable_path/Frameworks",
				);
				MARKETING_VERSION = 1.0;
				PRODUCT_BUNDLE_IDENTIFIER = com.joe.Aman;
				PRODUCT_NAME = "$(TARGET_NAME)";
				SWIFT_EMIT_LOC_STRINGS = YES;
				SWIFT_VERSION = 5.0;
				TARGETED_DEVICE_FAMILY = "1,2";
			};
			name = Debug;
		};
		0B728E412C5DF8780012625A /* Release */ = {
			isa = XCBuildConfiguration;
			buildSettings = {
				ASSETCATALOG_COMPILER_APPICON_NAME = AppIcon;
				ASSETCATALOG_COMPILER_GLOBAL_ACCENT_COLOR_NAME = AccentColor;
				CODE_SIGN_STYLE = Automatic;
				CURRENT_PROJECT_VERSION = 1;
				DEVELOPMENT_ASSET_PATHS = "\"Aman/Preview Content\"";
				DEVELOPMENT_TEAM = 842ALSJDA7;
				ENABLE_PREVIEWS = YES;
				GENERATE_INFOPLIST_FILE = YES;
				INFOPLIST_FILE = Aman/Info.plist;
				INFOPLIST_KEY_UIApplicationSceneManifest_Generation = YES;
				INFOPLIST_KEY_UIApplicationSupportsIndirectInputEvents = YES;
				INFOPLIST_KEY_UILaunchScreen_Generation = YES;
				INFOPLIST_KEY_UISupportedInterfaceOrientations_iPad = "UIInterfaceOrientationPortrait UIInterfaceOrientationPortraitUpsideDown UIInterfaceOrientationLandscapeLeft UIInterfaceOrientationLandscapeRight";
				INFOPLIST_KEY_UISupportedInterfaceOrientations_iPhone = "UIInterfaceOrientationPortrait UIInterfaceOrientationLandscapeLeft UIInterfaceOrientationLandscapeRight";
				LD_RUNPATH_SEARCH_PATHS = (
					"$(inherited)",
					"@executable_path/Frameworks",
				);
				MARKETING_VERSION = 1.0;
				PRODUCT_BUNDLE_IDENTIFIER = com.joe.Aman;
				PRODUCT_NAME = "$(TARGET_NAME)";
				SWIFT_EMIT_LOC_STRINGS = YES;
				SWIFT_VERSION = 5.0;
				TARGETED_DEVICE_FAMILY = "1,2";
			};
			name = Release;
		};
		0B728E432C5DF8780012625A /* Debug */ = {
			isa = XCBuildConfiguration;
			buildSettings = {
				ALWAYS_EMBED_SWIFT_STANDARD_LIBRARIES = YES;
				BUNDLE_LOADER = "$(TEST_HOST)";
				CODE_SIGN_STYLE = Automatic;
				CURRENT_PROJECT_VERSION = 1;
				DEVELOPMENT_TEAM = 842ALSJDA7;
				GENERATE_INFOPLIST_FILE = YES;
				IPHONEOS_DEPLOYMENT_TARGET = 17.5;
				MARKETING_VERSION = 1.0;
				PRODUCT_BUNDLE_IDENTIFIER = com.joe.AmanTests;
				PRODUCT_NAME = "$(TARGET_NAME)";
				SWIFT_EMIT_LOC_STRINGS = NO;
				SWIFT_VERSION = 5.0;
				TARGETED_DEVICE_FAMILY = "1,2";
				TEST_HOST = "$(BUILT_PRODUCTS_DIR)/Aman.app/$(BUNDLE_EXECUTABLE_FOLDER_PATH)/Aman";
			};
			name = Debug;
		};
		0B728E442C5DF8780012625A /* Release */ = {
			isa = XCBuildConfiguration;
			buildSettings = {
				ALWAYS_EMBED_SWIFT_STANDARD_LIBRARIES = YES;
				BUNDLE_LOADER = "$(TEST_HOST)";
				CODE_SIGN_STYLE = Automatic;
				CURRENT_PROJECT_VERSION = 1;
				DEVELOPMENT_TEAM = 842ALSJDA7;
				GENERATE_INFOPLIST_FILE = YES;
				IPHONEOS_DEPLOYMENT_TARGET = 17.5;
				MARKETING_VERSION = 1.0;
				PRODUCT_BUNDLE_IDENTIFIER = com.joe.AmanTests;
				PRODUCT_NAME = "$(TARGET_NAME)";
				SWIFT_EMIT_LOC_STRINGS = NO;
				SWIFT_VERSION = 5.0;
				TARGETED_DEVICE_FAMILY = "1,2";
				TEST_HOST = "$(BUILT_PRODUCTS_DIR)/Aman.app/$(BUNDLE_EXECUTABLE_FOLDER_PATH)/Aman";
			};
			name = Release;
		};
		0B728E462C5DF8780012625A /* Debug */ = {
			isa = XCBuildConfiguration;
			buildSettings = {
				ALWAYS_EMBED_SWIFT_STANDARD_LIBRARIES = YES;
				CODE_SIGN_STYLE = Automatic;
				CURRENT_PROJECT_VERSION = 1;
				DEVELOPMENT_TEAM = 842ALSJDA7;
				GENERATE_INFOPLIST_FILE = YES;
				MARKETING_VERSION = 1.0;
				PRODUCT_BUNDLE_IDENTIFIER = com.joe.AmanUITests;
				PRODUCT_NAME = "$(TARGET_NAME)";
				SWIFT_EMIT_LOC_STRINGS = NO;
				SWIFT_VERSION = 5.0;
				TARGETED_DEVICE_FAMILY = "1,2";
				TEST_TARGET_NAME = Aman;
			};
			name = Debug;
		};
		0B728E472C5DF8780012625A /* Release */ = {
			isa = XCBuildConfiguration;
			buildSettings = {
				ALWAYS_EMBED_SWIFT_STANDARD_LIBRARIES = YES;
				CODE_SIGN_STYLE = Automatic;
				CURRENT_PROJECT_VERSION = 1;
				DEVELOPMENT_TEAM = 842ALSJDA7;
				GENERATE_INFOPLIST_FILE = YES;
				MARKETING_VERSION = 1.0;
				PRODUCT_BUNDLE_IDENTIFIER = com.joe.AmanUITests;
				PRODUCT_NAME = "$(TARGET_NAME)";
				SWIFT_EMIT_LOC_STRINGS = NO;
				SWIFT_VERSION = 5.0;
				TARGETED_DEVICE_FAMILY = "1,2";
				TEST_TARGET_NAME = Aman;
			};
			name = Release;
		};
/* End XCBuildConfiguration section */

/* Begin XCConfigurationList section */
		0B728E162C5DF8750012625A /* Build configuration list for PBXProject "Aman" */ = {
			isa = XCConfigurationList;
			buildConfigurations = (
				0B728E3D2C5DF8780012625A /* Debug */,
				0B728E3E2C5DF8780012625A /* Release */,
			);
			defaultConfigurationIsVisible = 0;
			defaultConfigurationName = Release;
		};
		0B728E3F2C5DF8780012625A /* Build configuration list for PBXNativeTarget "Aman" */ = {
			isa = XCConfigurationList;
			buildConfigurations = (
				0B728E402C5DF8780012625A /* Debug */,
				0B728E412C5DF8780012625A /* Release */,
			);
			defaultConfigurationIsVisible = 0;
			defaultConfigurationName = Release;
		};
		0B728E422C5DF8780012625A /* Build configuration list for PBXNativeTarget "AmanTests" */ = {
			isa = XCConfigurationList;
			buildConfigurations = (
				0B728E432C5DF8780012625A /* Debug */,
				0B728E442C5DF8780012625A /* Release */,
			);
			defaultConfigurationIsVisible = 0;
			defaultConfigurationName = Release;
		};
		0B728E452C5DF8780012625A /* Build configuration list for PBXNativeTarget "AmanUITests" */ = {
			isa = XCConfigurationList;
			buildConfigurations = (
				0B728E462C5DF8780012625A /* Debug */,
				0B728E472C5DF8780012625A /* Release */,
			);
			defaultConfigurationIsVisible = 0;
			defaultConfigurationName = Release;
		};
/* End XCConfigurationList section */
	};
	rootObject = 0B728E132C5DF8750012625A /* Project object */;
}
